
Microsoft Visual Studio Solution File, Format Version 12.00
# Visual Studio Version 16
VisualStudioVersion = 16.0.29306.81
MinimumVisualStudioVersion = 10.0.40219.1
Project("{FAE04EC0-301F-11D3-BF4B-00C04F79EFBC}") = "Furniture Store", "Furniture Store\Furniture Store.csproj", "{EF93A2C5-A20F-4380-BECD-FE0F5F9D4892}"
EndProject
Global
	GlobalSection(SolutionConfigurationPlatforms) = preSolution
		Debug|Any CPU = Debug|Any CPU
		Release|Any CPU = Release|Any CPU
	EndGlobalSection
	GlobalSection(ProjectConfigurationPlatforms) = postSolution
		{EF93A2C5-A20F-4380-BECD-FE0F5F9D4892}.Debug|Any CPU.ActiveCfg = Debug|Any CPU
		{EF93A2C5-A20F-4380-BECD-FE0F5F9D4892}.Debug|Any CPU.Build.0 = Debug|Any CPU
		{EF93A2C5-A20F-4380-BECD-FE0F5F9D4892}.Release|Any CPU.ActiveCfg = Release|Any CPU
		{EF93A2C5-A20F-4380-BECD-FE0F5F9D4892}.Release|Any CPU.Build.0 = Release|Any CPU
	EndGlobalSection
	GlobalSection(SolutionProperties) = preSolution
		HideSolutionNode = FALSE
	EndGlobalSection
	GlobalSection(ExtensibilityGlobals) = postSolution
		SolutionGuid = {1CA5D6D3-44CB-49AA-BCEB-4B6522DC9C5E}
	EndGlobalSection
EndGlobal
